
Microsoft Visual Studio Solution File, Format Version 12.00
# Visual Studio 15
Project("{FAE04EC0-301F-11D3-BF4B-00C04F79EFBC}") = "Unity.Timeline", "Unity.Timeline.csproj", "{C0576411-9703-286A-1164-232BA10B813B}"
EndProject
Project("{FAE04EC0-301F-11D3-BF4B-00C04F79EFBC}") = "Unity.Timeline.Editor", "Unity.Timeline.Editor.csproj", "{314E48F1-36DE-610A-E83E-AD31A570C849}"
EndProject
Project("{FAE04EC0-301F-11D3-BF4B-00C04F79EFBC}") = "Unity.2D.Tilemap.Editor", "Unity.2D.Tilemap.Editor.csproj", "{6D9EE554-E0BD-4CFB-7369-EFBCE82354CC}"
EndProject
Project("{FAE04EC0-301F-11D3-BF4B-00C04F79EFBC}") = "Unity.TextMeshPro.Editor", "Unity.TextMeshPro.Editor.csproj", "{333F01EA-EB72-E4AE-374C-61449A5AFFC1}"
EndProject
Project("{FAE04EC0-301F-11D3-BF4B-00C04F79EFBC}") = "Unity.PlasticSCM.Editor", "Unity.PlasticSCM.Editor.csproj", "{E1CB6390-355D-157E-1D5E-17F86D8781DA}"
EndProject
Project("{FAE04EC0-301F-11D3-BF4B-00C04F79EFBC}") = "Unity.2D.Aseprite.Editor", "Unity.2D.Aseprite.Editor.csproj", "{4B92CB3B-F04C-5F4A-6F29-717A048A647A}"
EndProject
Project("{FAE04EC0-301F-11D3-BF4B-00C04F79EFBC}") = "Unity.VisualScripting.Flow", "Unity.VisualScripting.Flow.csproj", "{587DD6EC-7669-4E90-4677-1576D6836231}"
EndProject
Project("{FAE04EC0-301F-11D3-BF4B-00C04F79EFBC}") = "UnityEditor.UI", "UnityEditor.UI.csproj", "{CD6F35A6-812A-851D-D5D7-B5F966A13371}"
EndProject
Project("{FAE04EC0-301F-11D3-BF4B-00C04F79EFBC}") = "Unity.2D.Psdimporter.Editor", "Unity.2D.Psdimporter.Editor.csproj", "{6C5A8F50-08EB-F210-C871-010888734653}"
EndProject
Project("{FAE04EC0-301F-11D3-BF4B-00C04F79EFBC}") = "Unity.VisualScripting.Core", "Unity.VisualScripting.Core.csproj", "{F4992188-8B2D-56A2-5893-5DD258547568}"
EndProject
Project("{FAE04EC0-301F-11D3-BF4B-00C04F79EFBC}") = "Unity.Mathematics", "Unity.Mathematics.csproj", "{7C58EB85-C974-B9A9-0F91-B20CD479972F}"
EndProject
Project("{FAE04EC0-301F-11D3-BF4B-00C04F79EFBC}") = "Unity.2D.Common.Path.Editor", "Unity.2D.Common.Path.Editor.csproj", "{92CDD9B1-84FE-183C-1A19-144DCFCCE77B}"
EndProject
Project("{FAE04EC0-301F-11D3-BF4B-00C04F79EFBC}") = "Unity.2D.Animation.Editor", "Unity.2D.Animation.Editor.csproj", "{0877B59C-014B-CED7-3CED-337498DA35E2}"
EndProject
Project("{FAE04EC0-301F-11D3-BF4B-00C04F79EFBC}") = "Unity.VisualScripting.Core.Editor", "Unity.VisualScripting.Core.Editor.csproj", "{E431ABC2-EBDD-9265-947E-096D1E0DAA5C}"
EndProject
Project("{FAE04EC0-301F-11D3-BF4B-00C04F79EFBC}") = "Unity.2D.IK.Runtime", "Unity.2D.IK.Runtime.csproj", "{BE43FB50-4DC3-BCAA-ABA8-B239F51288F6}"
EndProject
Project("{FAE04EC0-301F-11D3-BF4B-00C04F79EFBC}") = "Unity.VisualScripting.Flow.Editor", "Unity.VisualScripting.Flow.Editor.csproj", "{718094AB-D2E2-6274-1E80-314FEE6066B5}"
EndProject
Project("{FAE04EC0-301F-11D3-BF4B-00C04F79EFBC}") = "UnityEditor.TestRunner", "UnityEditor.TestRunner.csproj", "{D727853E-35BE-080C-3C60-1A153163A0DB}"
EndProject
Project("{FAE04EC0-301F-11D3-BF4B-00C04F79EFBC}") = "Unity.VisualScripting.SettingsProvider.Editor", "Unity.VisualScripting.SettingsProvider.Editor.csproj", "{ED573422-ECF2-2BA0-6DCD-85860D6529A0}"
EndProject
Project("{FAE04EC0-301F-11D3-BF4B-00C04F79EFBC}") = "UnityEngine.TestRunner", "UnityEngine.TestRunner.csproj", "{77C5B371-46EB-A956-4231-2E538A15C68F}"
EndProject
Project("{FAE04EC0-301F-11D3-BF4B-00C04F79EFBC}") = "PsdPlugin", "PsdPlugin.csproj", "{4E9140B7-5E6D-C6DB-7A65-08106BD9C176}"
EndProject
Project("{FAE04EC0-301F-11D3-BF4B-00C04F79EFBC}") = "Unity.Burst", "Unity.Burst.csproj", "{ECC1112E-DB74-4B1F-2B19-7A9CBDACDFFA}"
EndProject
Project("{FAE04EC0-301F-11D3-BF4B-00C04F79EFBC}") = "UnityEngine.UI", "UnityEngine.UI.csproj", "{5EAFFC9D-F065-4EE5-9EE1-D87C89BEF2F4}"
EndProject
Project("{FAE04EC0-301F-11D3-BF4B-00C04F79EFBC}") = "Unity.2D.SpriteShape.Editor", "Unity.2D.SpriteShape.Editor.csproj", "{ADF03E18-8D04-4694-0E77-ECC38166447B}"
EndProject
Project("{FAE04EC0-301F-11D3-BF4B-00C04F79EFBC}") = "Unity.Collections", "Unity.Collections.csproj", "{D653B376-2028-75A5-2BCF-DBA092E412BA}"
EndProject
Project("{FAE04EC0-301F-11D3-BF4B-00C04F79EFBC}") = "Unity.VisualStudio.Editor", "Unity.VisualStudio.Editor.csproj", "{A30ECDF6-F664-FF8A-B98D-2BAC96DF1922}"
EndProject
Project("{FAE04EC0-301F-11D3-BF4B-00C04F79EFBC}") = "Unity.2D.Tilemap.Extras.Editor", "Unity.2D.Tilemap.Extras.Editor.csproj", "{AEF98E76-C1F5-8184-9DCE-14FA5FE2C70C}"
EndProject
Project("{FAE04EC0-301F-11D3-BF4B-00C04F79EFBC}") = "Unity.Rider.Editor", "Unity.Rider.Editor.csproj", "{463BC59F-87E7-7698-DEA6-8429A7C9DDA4}"
EndProject
Project("{FAE04EC0-301F-11D3-BF4B-00C04F79EFBC}") = "Unity.InternalAPIEditorBridge.001", "Unity.InternalAPIEditorBridge.001.csproj", "{4BB0F454-DDB4-C705-FA5E-349F4458828D}"
EndProject
Project("{FAE04EC0-301F-11D3-BF4B-00C04F79EFBC}") = "Unity.2D.SpriteShape.Runtime", "Unity.2D.SpriteShape.Runtime.csproj", "{8E01831C-7D14-F1B6-DC98-26662F400784}"
EndProject
Project("{FAE04EC0-301F-11D3-BF4B-00C04F79EFBC}") = "Unity.CollabProxy.Editor", "Unity.CollabProxy.Editor.csproj", "{D55B48B6-1D1F-F85A-1157-42681EC70B2F}"
EndProject
Project("{FAE04EC0-301F-11D3-BF4B-00C04F79EFBC}") = "Unity.VisualScripting.State.Editor", "Unity.VisualScripting.State.Editor.csproj", "{8BAF0986-01F7-FAB8-E7BC-5144789D349B}"
EndProject
Project("{FAE04EC0-301F-11D3-BF4B-00C04F79EFBC}") = "Unity.2D.Animation.Runtime", "Unity.2D.Animation.Runtime.csproj", "{F1F3AF21-EA72-7FD5-5095-125939A1A537}"
EndProject
Project("{FAE04EC0-301F-11D3-BF4B-00C04F79EFBC}") = "Unity.Burst.CodeGen", "Unity.Burst.CodeGen.csproj", "{54B4E2D0-47CB-EBC0-779E-8D04CF51D12E}"
EndProject
Project("{FAE04EC0-301F-11D3-BF4B-00C04F79EFBC}") = "Unity.2D.Tilemap.Extras", "Unity.2D.Tilemap.Extras.csproj", "{276D1FE1-A08D-0C9A-1F24-EF736F478DAC}"
EndProject
Project("{FAE04EC0-301F-11D3-BF4B-00C04F79EFBC}") = "Unity.VisualScripting.State", "Unity.VisualScripting.State.csproj", "{88D46743-C7E0-4E04-8F17-ED3356E96DB6}"
EndProject
Project("{FAE04EC0-301F-11D3-BF4B-00C04F79EFBC}") = "Unity.TextMeshPro", "Unity.TextMeshPro.csproj", "{9E895C8E-F9F2-0AB1-243B-1125E014ADC1}"
EndProject
Project("{FAE04EC0-301F-11D3-BF4B-00C04F79EFBC}") = "Unity.2D.Aseprite.Common", "Unity.2D.Aseprite.Common.csproj", "{F9FF10DD-A2E4-5586-8031-F66CD1595DE9}"
EndProject
Project("{FAE04EC0-301F-11D3-BF4B-00C04F79EFBC}") = "Unity.2D.IK.Editor", "Unity.2D.IK.Editor.csproj", "{17F64A8A-D9C6-6D66-6E3E-8CA508977E79}"
EndProject
Project("{FAE04EC0-301F-11D3-BF4B-00C04F79EFBC}") = "Unity.InternalAPIEngineBridge.001", "Unity.InternalAPIEngineBridge.001.csproj", "{D69D339A-7BA1-7BA3-1D80-12B9EAF5A6E8}"
EndProject
Project("{FAE04EC0-301F-11D3-BF4B-00C04F79EFBC}") = "Unity.Burst.Editor", "Unity.Burst.Editor.csproj", "{AEC51A5B-725A-98AE-035C-28729BB9D7DD}"
EndProject
Project("{FAE04EC0-301F-11D3-BF4B-00C04F79EFBC}") = "Unity.2D.Common.Editor", "Unity.2D.Common.Editor.csproj", "{D23CD261-2108-B664-F004-64E4E1764940}"
EndProject
Project("{FAE04EC0-301F-11D3-BF4B-00C04F79EFBC}") = "Unity.2D.Sprite.Editor", "Unity.2D.Sprite.Editor.csproj", "{90850A21-1700-983A-BDEF-CB35D8171A0E}"
EndProject
Project("{FAE04EC0-301F-11D3-BF4B-00C04F79EFBC}") = "Assembly-CSharp", "Assembly-CSharp.csproj", "{B65BB341-020E-3D92-092D-03BC464D85F3}"
EndProject
Project("{FAE04EC0-301F-11D3-BF4B-00C04F79EFBC}") = "Unity.2D.PixelPerfect", "Unity.2D.PixelPerfect.csproj", "{C956AAA0-E529-26C6-7C9F-73DFF6F4B06F}"
EndProject
Project("{FAE04EC0-301F-11D3-BF4B-00C04F79EFBC}") = "Unity.2D.PixelPerfect.Editor", "Unity.2D.PixelPerfect.Editor.csproj", "{9BCBAA72-CFE8-4C79-1BD6-DB6A50E6390E}"
EndProject
Project("{FAE04EC0-301F-11D3-BF4B-00C04F79EFBC}") = "Unity.2D.Common.Runtime", "Unity.2D.Common.Runtime.csproj", "{D718C344-5CF7-80F6-0124-966E542A4ADC}"
EndProject
Project("{FAE04EC0-301F-11D3-BF4B-00C04F79EFBC}") = "Unity.Mathematics.Editor", "Unity.Mathematics.Editor.csproj", "{BCE6E78A-3A4C-FBA9-4087-FFF8503381F2}"
EndProject
Project("{FAE04EC0-301F-11D3-BF4B-00C04F79EFBC}") = "Unity.Collections.BurstCompatibilityGen", "Unity.Collections.BurstCompatibilityGen.csproj", "{8A9370C6-2202-5ED2-3D59-83BF71788FF3}"
EndProject
Project("{FAE04EC0-301F-11D3-BF4B-00C04F79EFBC}") = "Unity.VisualScripting.Shared.Editor", "Unity.VisualScripting.Shared.Editor.csproj", "{B16F89F2-DFA6-DA0B-0AAB-14E969C2E387}"
EndProject
Project("{FAE04EC0-301F-11D3-BF4B-00C04F79EFBC}") = "Unity.Collections.DocCodeSamples", "Unity.Collections.DocCodeSamples.csproj", "{1D13871F-913A-3862-30E0-5D401A113840}"
EndProject
Project("{FAE04EC0-301F-11D3-BF4B-00C04F79EFBC}") = "Unity.Timeline", "Unity.Timeline.Player.csproj", "{23BB31EB-4BB3-8912-5011-BECFB52082DA}"
EndProject
Project("{FAE04EC0-301F-11D3-BF4B-00C04F79EFBC}") = "Unity.VisualScripting.Flow", "Unity.VisualScripting.Flow.Player.csproj", "{1A9FCDC8-8323-275D-B261-295BEB058123}"
EndProject
Project("{FAE04EC0-301F-11D3-BF4B-00C04F79EFBC}") = "Unity.VisualScripting.Core", "Unity.VisualScripting.Core.Player.csproj", "{0ED3B12F-4D9E-946E-949E-ED3125BA2C57}"
EndProject
Project("{FAE04EC0-301F-11D3-BF4B-00C04F79EFBC}") = "Unity.Mathematics", "Unity.Mathematics.Player.csproj", "{8EC6A976-1413-2415-00BF-CC4C09E9C868}"
EndProject
Project("{FAE04EC0-301F-11D3-BF4B-00C04F79EFBC}") = "Unity.2D.IK.Runtime", "Unity.2D.IK.Runtime.Player.csproj", "{9E7516E6-B426-9B85-D282-76242889432E}"
EndProject
Project("{FAE04EC0-301F-11D3-BF4B-00C04F79EFBC}") = "UnityEngine.TestRunner", "UnityEngine.TestRunner.Player.csproj", "{5D4B5E81-1E0A-9597-93CC-D670DEC9B00B}"
EndProject
Project("{FAE04EC0-301F-11D3-BF4B-00C04F79EFBC}") = "Unity.Burst", "Unity.Burst.Player.csproj", "{0C62A308-4F38-98F1-F812-C7FA7BFB32BA}"
EndProject
Project("{FAE04EC0-301F-11D3-BF4B-00C04F79EFBC}") = "UnityEngine.UI", "UnityEngine.UI.Player.csproj", "{B747B4C4-1EB2-FDF3-CA51-9775217ACD51}"
EndProject
Project("{FAE04EC0-301F-11D3-BF4B-00C04F79EFBC}") = "Unity.Collections", "Unity.Collections.Player.csproj", "{3927D383-5F82-DA37-2831-4F14BF393048}"
EndProject
Project("{FAE04EC0-301F-11D3-BF4B-00C04F79EFBC}") = "Unity.2D.SpriteShape.Runtime", "Unity.2D.SpriteShape.Runtime.Player.csproj", "{D6846816-F8A9-397F-D9E1-045FB7751B98}"
EndProject
Project("{FAE04EC0-301F-11D3-BF4B-00C04F79EFBC}") = "Unity.2D.Animation.Runtime", "Unity.2D.Animation.Runtime.Player.csproj", "{83EF0060-350D-2675-B63E-52D7CA66233F}"
EndProject
Project("{FAE04EC0-301F-11D3-BF4B-00C04F79EFBC}") = "Unity.2D.Tilemap.Extras", "Unity.2D.Tilemap.Extras.Player.csproj", "{C1BF4A50-412A-E2BB-1A39-A9AA69735E5E}"
EndProject
Project("{FAE04EC0-301F-11D3-BF4B-00C04F79EFBC}") = "Unity.VisualScripting.State", "Unity.VisualScripting.State.Player.csproj", "{ABB0FA51-6863-BF55-E992-856E767E3D18}"
EndProject
Project("{FAE04EC0-301F-11D3-BF4B-00C04F79EFBC}") = "Unity.TextMeshPro", "Unity.TextMeshPro.Player.csproj", "{20B767FC-826D-3934-DD70-D1F564B78944}"
EndProject
Project("{FAE04EC0-301F-11D3-BF4B-00C04F79EFBC}") = "Unity.InternalAPIEngineBridge.001", "Unity.InternalAPIEngineBridge.001.Player.csproj", "{0A7A79E4-82BD-F8F6-1371-0CC923723A60}"
EndProject
Project("{FAE04EC0-301F-11D3-BF4B-00C04F79EFBC}") = "Assembly-CSharp", "Assembly-CSharp.Player.csproj", "{8C89511D-D3E2-658F-2E43-3BC49E2800A1}"
EndProject
Project("{FAE04EC0-301F-11D3-BF4B-00C04F79EFBC}") = "Unity.2D.PixelPerfect", "Unity.2D.PixelPerfect.Player.csproj", "{03AE8FAF-E9C1-7B9D-2A88-D073E9DA1DFD}"
EndProject
Project("{FAE04EC0-301F-11D3-BF4B-00C04F79EFBC}") = "Unity.2D.Common.Runtime", "Unity.2D.Common.Runtime.Player.csproj", "{6EA7F3AC-67A6-476D-CE4E-E9E20DE1176A}"
EndProject
Global
	GlobalSection(SolutionConfigurationPlatforms) = preSolution
		Debug|Any CPU = Debug|Any CPU
		Release|Any CPU = Release|Any CPU
	EndGlobalSection
	GlobalSection(ProjectConfigurationPlatforms) = postSolution
		{C0576411-9703-286A-1164-232BA10B813B}.Debug|Any CPU.ActiveCfg = Debug|Any CPU
		{C0576411-9703-286A-1164-232BA10B813B}.Debug|Any CPU.Build.0 = Debug|Any CPU
		{C0576411-9703-286A-1164-232BA10B813B}.Release|Any CPU.ActiveCfg = Release|Any CPU
		{C0576411-9703-286A-1164-232BA10B813B}.Release|Any CPU.Build.0 = Release|Any CPU
		{314E48F1-36DE-610A-E83E-AD31A570C849}.Debug|Any CPU.ActiveCfg = Debug|Any CPU
		{314E48F1-36DE-610A-E83E-AD31A570C849}.Debug|Any CPU.Build.0 = Debug|Any CPU
		{314E48F1-36DE-610A-E83E-AD31A570C849}.Release|Any CPU.ActiveCfg = Release|Any CPU
		{314E48F1-36DE-610A-E83E-AD31A570C849}.Release|Any CPU.Build.0 = Release|Any CPU
		{6D9EE554-E0BD-4CFB-7369-EFBCE82354CC}.Debug|Any CPU.ActiveCfg = Debug|Any CPU
		{6D9EE554-E0BD-4CFB-7369-EFBCE82354CC}.Debug|Any CPU.Build.0 = Debug|Any CPU
		{6D9EE554-E0BD-4CFB-7369-EFBCE82354CC}.Release|Any CPU.ActiveCfg = Release|Any CPU
		{6D9EE554-E0BD-4CFB-7369-EFBCE82354CC}.Release|Any CPU.Build.0 = Release|Any CPU
		{333F01EA-EB72-E4AE-374C-61449A5AFFC1}.Debug|Any CPU.ActiveCfg = Debug|Any CPU
		{333F01EA-EB72-E4AE-374C-61449A5AFFC1}.Debug|Any CPU.Build.0 = Debug|Any CPU
		{333F01EA-EB72-E4AE-374C-61449A5AFFC1}.Release|Any CPU.ActiveCfg = Release|Any CPU
		{333F01EA-EB72-E4AE-374C-61449A5AFFC1}.Release|Any CPU.Build.0 = Release|Any CPU
		{E1CB6390-355D-157E-1D5E-17F86D8781DA}.Debug|Any CPU.ActiveCfg = Debug|Any CPU
		{E1CB6390-355D-157E-1D5E-17F86D8781DA}.Debug|Any CPU.Build.0 = Debug|Any CPU
		{E1CB6390-355D-157E-1D5E-17F86D8781DA}.Release|Any CPU.ActiveCfg = Release|Any CPU
		{E1CB6390-355D-157E-1D5E-17F86D8781DA}.Release|Any CPU.Build.0 = Release|Any CPU
		{4B92CB3B-F04C-5F4A-6F29-717A048A647A}.Debug|Any CPU.ActiveCfg = Debug|Any CPU
		{4B92CB3B-F04C-5F4A-6F29-717A048A647A}.Debug|Any CPU.Build.0 = Debug|Any CPU
		{4B92CB3B-F04C-5F4A-6F29-717A048A647A}.Release|Any CPU.ActiveCfg = Release|Any CPU
		{4B92CB3B-F04C-5F4A-6F29-717A048A647A}.Release|Any CPU.Build.0 = Release|Any CPU
		{587DD6EC-7669-4E90-4677-1576D6836231}.Debug|Any CPU.ActiveCfg = Debug|Any CPU
		{587DD6EC-7669-4E90-4677-1576D6836231}.Debug|Any CPU.Build.0 = Debug|Any CPU
		{587DD6EC-7669-4E90-4677-1576D6836231}.Release|Any CPU.ActiveCfg = Release|Any CPU
		{587DD6EC-7669-4E90-4677-1576D6836231}.Release|Any CPU.Build.0 = Release|Any CPU
		{CD6F35A6-812A-851D-D5D7-B5F966A13371}.Debug|Any CPU.ActiveCfg = Debug|Any CPU
		{CD6F35A6-812A-851D-D5D7-B5F966A13371}.Debug|Any CPU.Build.0 = Debug|Any CPU
		{CD6F35A6-812A-851D-D5D7-B5F966A13371}.Release|Any CPU.ActiveCfg = Release|Any CPU
		{CD6F35A6-812A-851D-D5D7-B5F966A13371}.Release|Any CPU.Build.0 = Release|Any CPU
		{6C5A8F50-08EB-F210-C871-010888734653}.Debug|Any CPU.ActiveCfg = Debug|Any CPU
		{6C5A8F50-08EB-F210-C871-010888734653}.Debug|Any CPU.Build.0 = Debug|Any CPU
		{6C5A8F50-08EB-F210-C871-010888734653}.Release|Any CPU.ActiveCfg = Release|Any CPU
		{6C5A8F50-08EB-F210-C871-010888734653}.Release|Any CPU.Build.0 = Release|Any CPU
		{F4992188-8B2D-56A2-5893-5DD258547568}.Debug|Any CPU.ActiveCfg = Debug|Any CPU
		{F4992188-8B2D-56A2-5893-5DD258547568}.Debug|Any CPU.Build.0 = Debug|Any CPU
		{F4992188-8B2D-56A2-5893-5DD258547568}.Release|Any CPU.ActiveCfg = Release|Any CPU
		{F4992188-8B2D-56A2-5893-5DD258547568}.Release|Any CPU.Build.0 = Release|Any CPU
		{7C58EB85-C974-B9A9-0F91-B20CD479972F}.Debug|Any CPU.ActiveCfg = Debug|Any CPU
		{7C58EB85-C974-B9A9-0F91-B20CD479972F}.Debug|Any CPU.Build.0 = Debug|Any CPU
		{7C58EB85-C974-B9A9-0F91-B20CD479972F}.Release|Any CPU.ActiveCfg = Release|Any CPU
		{7C58EB85-C974-B9A9-0F91-B20CD479972F}.Release|Any CPU.Build.0 = Release|Any CPU
		{92CDD9B1-84FE-183C-1A19-144DCFCCE77B}.Debug|Any CPU.ActiveCfg = Debug|Any CPU
		{92CDD9B1-84FE-183C-1A19-144DCFCCE77B}.Debug|Any CPU.Build.0 = Debug|Any CPU
		{92CDD9B1-84FE-183C-1A19-144DCFCCE77B}.Release|Any CPU.ActiveCfg = Release|Any CPU
		{92CDD9B1-84FE-183C-1A19-144DCFCCE77B}.Release|Any CPU.Build.0 = Release|Any CPU
		{0877B59C-014B-CED7-3CED-337498DA35E2}.Debug|Any CPU.ActiveCfg = Debug|Any CPU
		{0877B59C-014B-CED7-3CED-337498DA35E2}.Debug|Any CPU.Build.0 = Debug|Any CPU
		{0877B59C-014B-CED7-3CED-337498DA35E2}.Release|Any CPU.ActiveCfg = Release|Any CPU
		{0877B59C-014B-CED7-3CED-337498DA35E2}.Release|Any CPU.Build.0 = Release|Any CPU
		{E431ABC2-EBDD-9265-947E-096D1E0DAA5C}.Debug|Any CPU.ActiveCfg = Debug|Any CPU
		{E431ABC2-EBDD-9265-947E-096D1E0DAA5C}.Debug|Any CPU.Build.0 = Debug|Any CPU
		{E431ABC2-EBDD-9265-947E-096D1E0DAA5C}.Release|Any CPU.ActiveCfg = Release|Any CPU
		{E431ABC2-EBDD-9265-947E-096D1E0DAA5C}.Release|Any CPU.Build.0 = Release|Any CPU
		{BE43FB50-4DC3-BCAA-ABA8-B239F51288F6}.Debug|Any CPU.ActiveCfg = Debug|Any CPU
		{BE43FB50-4DC3-BCAA-ABA8-B239F51288F6}.Debug|Any CPU.Build.0 = Debug|Any CPU
		{BE43FB50-4DC3-BCAA-ABA8-B239F51288F6}.Release|Any CPU.ActiveCfg = Release|Any CPU
		{BE43FB50-4DC3-BCAA-ABA8-B239F51288F6}.Release|Any CPU.Build.0 = Release|Any CPU
		{718094AB-D2E2-6274-1E80-314FEE6066B5}.Debug|Any CPU.ActiveCfg = Debug|Any CPU
		{718094AB-D2E2-6274-1E80-314FEE6066B5}.Debug|Any CPU.Build.0 = Debug|Any CPU
		{718094AB-D2E2-6274-1E80-314FEE6066B5}.Release|Any CPU.ActiveCfg = Release|Any CPU
		{718094AB-D2E2-6274-1E80-314FEE6066B5}.Release|Any CPU.Build.0 = Release|Any CPU
		{D727853E-35BE-080C-3C60-1A153163A0DB}.Debug|Any CPU.ActiveCfg = Debug|Any CPU
		{D727853E-35BE-080C-3C60-1A153163A0DB}.Debug|Any CPU.Build.0 = Debug|Any CPU
		{D727853E-35BE-080C-3C60-1A153163A0DB}.Release|Any CPU.ActiveCfg = Release|Any CPU
		{D727853E-35BE-080C-3C60-1A153163A0DB}.Release|Any CPU.Build.0 = Release|Any CPU
		{ED573422-ECF2-2BA0-6DCD-85860D6529A0}.Debug|Any CPU.ActiveCfg = Debug|Any CPU
		{ED573422-ECF2-2BA0-6DCD-85860D6529A0}.Debug|Any CPU.Build.0 = Debug|Any CPU
		{ED573422-ECF2-2BA0-6DCD-85860D6529A0}.Release|Any CPU.ActiveCfg = Release|Any CPU
		{ED573422-ECF2-2BA0-6DCD-85860D6529A0}.Release|Any CPU.Build.0 = Release|Any CPU
		{77C5B371-46EB-A956-4231-2E538A15C68F}.Debug|Any CPU.ActiveCfg = Debug|Any CPU
		{77C5B371-46EB-A956-4231-2E538A15C68F}.Debug|Any CPU.Build.0 = Debug|Any CPU
		{77C5B371-46EB-A956-4231-2E538A15C68F}.Release|Any CPU.ActiveCfg = Release|Any CPU
		{77C5B371-46EB-A956-4231-2E538A15C68F}.Release|Any CPU.Build.0 = Release|Any CPU
		{4E9140B7-5E6D-C6DB-7A65-08106BD9C176}.Debug|Any CPU.ActiveCfg = Debug|Any CPU
		{4E9140B7-5E6D-C6DB-7A65-08106BD9C176}.Debug|Any CPU.Build.0 = Debug|Any CPU
		{4E9140B7-5E6D-C6DB-7A65-08106BD9C176}.Release|Any CPU.ActiveCfg = Release|Any CPU
		{4E9140B7-5E6D-C6DB-7A65-08106BD9C176}.Release|Any CPU.Build.0 = Release|Any CPU
		{ECC1112E-DB74-4B1F-2B19-7A9CBDACDFFA}.Debug|Any CPU.ActiveCfg = Debug|Any CPU
		{ECC1112E-DB74-4B1F-2B19-7A9CBDACDFFA}.Debug|Any CPU.Build.0 = Debug|Any CPU
		{ECC1112E-DB74-4B1F-2B19-7A9CBDACDFFA}.Release|Any CPU.ActiveCfg = Release|Any CPU
		{ECC1112E-DB74-4B1F-2B19-7A9CBDACDFFA}.Release|Any CPU.Build.0 = Release|Any CPU
		{5EAFFC9D-F065-4EE5-9EE1-D87C89BEF2F4}.Debug|Any CPU.ActiveCfg = Debug|Any CPU
		{5EAFFC9D-F065-4EE5-9EE1-D87C89BEF2F4}.Debug|Any CPU.Build.0 = Debug|Any CPU
		{5EAFFC9D-F065-4EE5-9EE1-D87C89BEF2F4}.Release|Any CPU.ActiveCfg = Release|Any CPU
		{5EAFFC9D-F065-4EE5-9EE1-D87C89BEF2F4}.Release|Any CPU.Build.0 = Release|Any CPU
		{ADF03E18-8D04-4694-0E77-ECC38166447B}.Debug|Any CPU.ActiveCfg = Debug|Any CPU
		{ADF03E18-8D04-4694-0E77-ECC38166447B}.Debug|Any CPU.Build.0 = Debug|Any CPU
		{ADF03E18-8D04-4694-0E77-ECC38166447B}.Release|Any CPU.ActiveCfg = Release|Any CPU
		{ADF03E18-8D04-4694-0E77-ECC38166447B}.Release|Any CPU.Build.0 = Release|Any CPU
		{D653B376-2028-75A5-2BCF-DBA092E412BA}.Debug|Any CPU.ActiveCfg = Debug|Any CPU
		{D653B376-2028-75A5-2BCF-DBA092E412BA}.Debug|Any CPU.Build.0 = Debug|Any CPU
		{D653B376-2028-75A5-2BCF-DBA092E412BA}.Release|Any CPU.ActiveCfg = Release|Any CPU
		{D653B376-2028-75A5-2BCF-DBA092E412BA}.Release|Any CPU.Build.0 = Release|Any CPU
		{A30ECDF6-F664-FF8A-B98D-2BAC96DF1922}.Debug|Any CPU.ActiveCfg = Debug|Any CPU
		{A30ECDF6-F664-FF8A-B98D-2BAC96DF1922}.Debug|Any CPU.Build.0 = Debug|Any CPU
		{A30ECDF6-F664-FF8A-B98D-2BAC96DF1922}.Release|Any CPU.ActiveCfg = Release|Any CPU
		{A30ECDF6-F664-FF8A-B98D-2BAC96DF1922}.Release|Any CPU.Build.0 = Release|Any CPU
		{AEF98E76-C1F5-8184-9DCE-14FA5FE2C70C}.Debug|Any CPU.ActiveCfg = Debug|Any CPU
		{AEF98E76-C1F5-8184-9DCE-14FA5FE2C70C}.Debug|Any CPU.Build.0 = Debug|Any CPU
		{AEF98E76-C1F5-8184-9DCE-14FA5FE2C70C}.Release|Any CPU.ActiveCfg = Release|Any CPU
		{AEF98E76-C1F5-8184-9DCE-14FA5FE2C70C}.Release|Any CPU.Build.0 = Release|Any CPU
		{463BC59F-87E7-7698-DEA6-8429A7C9DDA4}.Debug|Any CPU.ActiveCfg = Debug|Any CPU
		{463BC59F-87E7-7698-DEA6-8429A7C9DDA4}.Debug|Any CPU.Build.0 = Debug|Any CPU
		{463BC59F-87E7-7698-DEA6-8429A7C9DDA4}.Release|Any CPU.ActiveCfg = Release|Any CPU
		{463BC59F-87E7-7698-DEA6-8429A7C9DDA4}.Release|Any CPU.Build.0 = Release|Any CPU
		{4BB0F454-DDB4-C705-FA5E-349F4458828D}.Debug|Any CPU.ActiveCfg = Debug|Any CPU
		{4BB0F454-DDB4-C705-FA5E-349F4458828D}.Debug|Any CPU.Build.0 = Debug|Any CPU
		{4BB0F454-DDB4-C705-FA5E-349F4458828D}.Release|Any CPU.ActiveCfg = Release|Any CPU
		{4BB0F454-DDB4-C705-FA5E-349F4458828D}.Release|Any CPU.Build.0 = Release|Any CPU
		{8E01831C-7D14-F1B6-DC98-26662F400784}.Debug|Any CPU.ActiveCfg = Debug|Any CPU
		{8E01831C-7D14-F1B6-DC98-26662F400784}.Debug|Any CPU.Build.0 = Debug|Any CPU
		{8E01831C-7D14-F1B6-DC98-26662F400784}.Release|Any CPU.ActiveCfg = Release|Any CPU
		{8E01831C-7D14-F1B6-DC98-26662F400784}.Release|Any CPU.Build.0 = Release|Any CPU
		{D55B48B6-1D1F-F85A-1157-42681EC70B2F}.Debug|Any CPU.ActiveCfg = Debug|Any CPU
		{D55B48B6-1D1F-F85A-1157-42681EC70B2F}.Debug|Any CPU.Build.0 = Debug|Any CPU
		{D55B48B6-1D1F-F85A-1157-42681EC70B2F}.Release|Any CPU.ActiveCfg = Release|Any CPU
		{D55B48B6-1D1F-F85A-1157-42681EC70B2F}.Release|Any CPU.Build.0 = Release|Any CPU
		{8BAF0986-01F7-FAB8-E7BC-5144789D349B}.Debug|Any CPU.ActiveCfg = Debug|Any CPU
		{8BAF0986-01F7-FAB8-E7BC-5144789D349B}.Debug|Any CPU.Build.0 = Debug|Any CPU
		{8BAF0986-01F7-FAB8-E7BC-5144789D349B}.Release|Any CPU.ActiveCfg = Release|Any CPU
		{8BAF0986-01F7-FAB8-E7BC-5144789D349B}.Release|Any CPU.Build.0 = Release|Any CPU
		{F1F3AF21-EA72-7FD5-5095-125939A1A537}.Debug|Any CPU.ActiveCfg = Debug|Any CPU
		{F1F3AF21-EA72-7FD5-5095-125939A1A537}.Debug|Any CPU.Build.0 = Debug|Any CPU
		{F1F3AF21-EA72-7FD5-5095-125939A1A537}.Release|Any CPU.ActiveCfg = Release|Any CPU
		{F1F3AF21-EA72-7FD5-5095-125939A1A537}.Release|Any CPU.Build.0 = Release|Any CPU
		{54B4E2D0-47CB-EBC0-779E-8D04CF51D12E}.Debug|Any CPU.ActiveCfg = Debug|Any CPU
		{54B4E2D0-47CB-EBC0-779E-8D04CF51D12E}.Debug|Any CPU.Build.0 = Debug|Any CPU
		{54B4E2D0-47CB-EBC0-779E-8D04CF51D12E}.Release|Any CPU.ActiveCfg = Release|Any CPU
		{54B4E2D0-47CB-EBC0-779E-8D04CF51D12E}.Release|Any CPU.Build.0 = Release|Any CPU
		{276D1FE1-A08D-0C9A-1F24-EF736F478DAC}.Debug|Any CPU.ActiveCfg = Debug|Any CPU
		{276D1FE1-A08D-0C9A-1F24-EF736F478DAC}.Debug|Any CPU.Build.0 = Debug|Any CPU
		{276D1FE1-A08D-0C9A-1F24-EF736F478DAC}.Release|Any CPU.ActiveCfg = Release|Any CPU
		{276D1FE1-A08D-0C9A-1F24-EF736F478DAC}.Release|Any CPU.Build.0 = Release|Any CPU
		{88D46743-C7E0-4E04-8F17-ED3356E96DB6}.Debug|Any CPU.ActiveCfg = Debug|Any CPU
		{88D46743-C7E0-4E04-8F17-ED3356E96DB6}.Debug|Any CPU.Build.0 = Debug|Any CPU
		{88D46743-C7E0-4E04-8F17-ED3356E96DB6}.Release|Any CPU.ActiveCfg = Release|Any CPU
		{88D46743-C7E0-4E04-8F17-ED3356E96DB6}.Release|Any CPU.Build.0 = Release|Any CPU
		{9E895C8E-F9F2-0AB1-243B-1125E014ADC1}.Debug|Any CPU.ActiveCfg = Debug|Any CPU
		{9E895C8E-F9F2-0AB1-243B-1125E014ADC1}.Debug|Any CPU.Build.0 = Debug|Any CPU
		{9E895C8E-F9F2-0AB1-243B-1125E014ADC1}.Release|Any CPU.ActiveCfg = Release|Any CPU
		{9E895C8E-F9F2-0AB1-243B-1125E014ADC1}.Release|Any CPU.Build.0 = Release|Any CPU
		{F9FF10DD-A2E4-5586-8031-F66CD1595DE9}.Debug|Any CPU.ActiveCfg = Debug|Any CPU
		{F9FF10DD-A2E4-5586-8031-F66CD1595DE9}.Debug|Any CPU.Build.0 = Debug|Any CPU
		{F9FF10DD-A2E4-5586-8031-F66CD1595DE9}.Release|Any CPU.ActiveCfg = Release|Any CPU
		{F9FF10DD-A2E4-5586-8031-F66CD1595DE9}.Release|Any CPU.Build.0 = Release|Any CPU
		{17F64A8A-D9C6-6D66-6E3E-8CA508977E79}.Debug|Any CPU.ActiveCfg = Debug|Any CPU
		{17F64A8A-D9C6-6D66-6E3E-8CA508977E79}.Debug|Any CPU.Build.0 = Debug|Any CPU
		{17F64A8A-D9C6-6D66-6E3E-8CA508977E79}.Release|Any CPU.ActiveCfg = Release|Any CPU
		{17F64A8A-D9C6-6D66-6E3E-8CA508977E79}.Release|Any CPU.Build.0 = Release|Any CPU
		{D69D339A-7BA1-7BA3-1D80-12B9EAF5A6E8}.Debug|Any CPU.ActiveCfg = Debug|Any CPU
		{D69D339A-7BA1-7BA3-1D80-12B9EAF5A6E8}.Debug|Any CPU.Build.0 = Debug|Any CPU
		{D69D339A-7BA1-7BA3-1D80-12B9EAF5A6E8}.Release|Any CPU.ActiveCfg = Release|Any CPU
		{D69D339A-7BA1-7BA3-1D80-12B9EAF5A6E8}.Release|Any CPU.Build.0 = Release|Any CPU
		{AEC51A5B-725A-98AE-035C-28729BB9D7DD}.Debug|Any CPU.ActiveCfg = Debug|Any CPU
		{AEC51A5B-725A-98AE-035C-28729BB9D7DD}.Debug|Any CPU.Build.0 = Debug|Any CPU
		{AEC51A5B-725A-98AE-035C-28729BB9D7DD}.Release|Any CPU.ActiveCfg = Release|Any CPU
		{AEC51A5B-725A-98AE-035C-28729BB9D7DD}.Release|Any CPU.Build.0 = Release|Any CPU
		{D23CD261-2108-B664-F004-64E4E1764940}.Debug|Any CPU.ActiveCfg = Debug|Any CPU
		{D23CD261-2108-B664-F004-64E4E1764940}.Debug|Any CPU.Build.0 = Debug|Any CPU
		{D23CD261-2108-B664-F004-64E4E1764940}.Release|Any CPU.ActiveCfg = Release|Any CPU
		{D23CD261-2108-B664-F004-64E4E1764940}.Release|Any CPU.Build.0 = Release|Any CPU
		{90850A21-1700-983A-BDEF-CB35D8171A0E}.Debug|Any CPU.ActiveCfg = Debug|Any CPU
		{90850A21-1700-983A-BDEF-CB35D8171A0E}.Debug|Any CPU.Build.0 = Debug|Any CPU
		{90850A21-1700-983A-BDEF-CB35D8171A0E}.Release|Any CPU.ActiveCfg = Release|Any CPU
		{90850A21-1700-983A-BDEF-CB35D8171A0E}.Release|Any CPU.Build.0 = Release|Any CPU
		{B65BB341-020E-3D92-092D-03BC464D85F3}.Debug|Any CPU.ActiveCfg = Debug|Any CPU
		{B65BB341-020E-3D92-092D-03BC464D85F3}.Debug|Any CPU.Build.0 = Debug|Any CPU
		{B65BB341-020E-3D92-092D-03BC464D85F3}.Release|Any CPU.ActiveCfg = Release|Any CPU
		{B65BB341-020E-3D92-092D-03BC464D85F3}.Release|Any CPU.Build.0 = Release|Any CPU
		{C956AAA0-E529-26C6-7C9F-73DFF6F4B06F}.Debug|Any CPU.ActiveCfg = Debug|Any CPU
		{C956AAA0-E529-26C6-7C9F-73DFF6F4B06F}.Debug|Any CPU.Build.0 = Debug|Any CPU
		{C956AAA0-E529-26C6-7C9F-73DFF6F4B06F}.Release|Any CPU.ActiveCfg = Release|Any CPU
		{C956AAA0-E529-26C6-7C9F-73DFF6F4B06F}.Release|Any CPU.Build.0 = Release|Any CPU
		{9BCBAA72-CFE8-4C79-1BD6-DB6A50E6390E}.Debug|Any CPU.ActiveCfg = Debug|Any CPU
		{9BCBAA72-CFE8-4C79-1BD6-DB6A50E6390E}.Debug|Any CPU.Build.0 = Debug|Any CPU
		{9BCBAA72-CFE8-4C79-1BD6-DB6A50E6390E}.Release|Any CPU.ActiveCfg = Release|Any CPU
		{9BCBAA72-CFE8-4C79-1BD6-DB6A50E6390E}.Release|Any CPU.Build.0 = Release|Any CPU
		{D718C344-5CF7-80F6-0124-966E542A4ADC}.Debug|Any CPU.ActiveCfg = Debug|Any CPU
		{D718C344-5CF7-80F6-0124-966E542A4ADC}.Debug|Any CPU.Build.0 = Debug|Any CPU
		{D718C344-5CF7-80F6-0124-966E542A4ADC}.Release|Any CPU.ActiveCfg = Release|Any CPU
		{D718C344-5CF7-80F6-0124-966E542A4ADC}.Release|Any CPU.Build.0 = Release|Any CPU
		{BCE6E78A-3A4C-FBA9-4087-FFF8503381F2}.Debug|Any CPU.ActiveCfg = Debug|Any CPU
		{BCE6E78A-3A4C-FBA9-4087-FFF8503381F2}.Debug|Any CPU.Build.0 = Debug|Any CPU
		{BCE6E78A-3A4C-FBA9-4087-FFF8503381F2}.Release|Any CPU.ActiveCfg = Release|Any CPU
		{BCE6E78A-3A4C-FBA9-4087-FFF8503381F2}.Release|Any CPU.Build.0 = Release|Any CPU
		{8A9370C6-2202-5ED2-3D59-83BF71788FF3}.Debug|Any CPU.ActiveCfg = Debug|Any CPU
		{8A9370C6-2202-5ED2-3D59-83BF71788FF3}.Debug|Any CPU.Build.0 = Debug|Any CPU
		{8A9370C6-2202-5ED2-3D59-83BF71788FF3}.Release|Any CPU.ActiveCfg = Release|Any CPU
		{8A9370C6-2202-5ED2-3D59-83BF71788FF3}.Release|Any CPU.Build.0 = Release|Any CPU
		{B16F89F2-DFA6-DA0B-0AAB-14E969C2E387}.Debug|Any CPU.ActiveCfg = Debug|Any CPU
		{B16F89F2-DFA6-DA0B-0AAB-14E969C2E387}.Debug|Any CPU.Build.0 = Debug|Any CPU
		{B16F89F2-DFA6-DA0B-0AAB-14E969C2E387}.Release|Any CPU.ActiveCfg = Release|Any CPU
		{B16F89F2-DFA6-DA0B-0AAB-14E969C2E387}.Release|Any CPU.Build.0 = Release|Any CPU
		{1D13871F-913A-3862-30E0-5D401A113840}.Debug|Any CPU.ActiveCfg = Debug|Any CPU
		{1D13871F-913A-3862-30E0-5D401A113840}.Debug|Any CPU.Build.0 = Debug|Any CPU
		{1D13871F-913A-3862-30E0-5D401A113840}.Release|Any CPU.ActiveCfg = Release|Any CPU
		{1D13871F-913A-3862-30E0-5D401A113840}.Release|Any CPU.Build.0 = Release|Any CPU
		{23BB31EB-4BB3-8912-5011-BECFB52082DA}.Debug|Any CPU.ActiveCfg = Debug|Any CPU
		{23BB31EB-4BB3-8912-5011-BECFB52082DA}.Debug|Any CPU.Build.0 = Debug|Any CPU
		{23BB31EB-4BB3-8912-5011-BECFB52082DA}.Release|Any CPU.ActiveCfg = Release|Any CPU
		{23BB31EB-4BB3-8912-5011-BECFB52082DA}.Release|Any CPU.Build.0 = Release|Any CPU
		{1A9FCDC8-8323-275D-B261-295BEB058123}.Debug|Any CPU.ActiveCfg = Debug|Any CPU
		{1A9FCDC8-8323-275D-B261-295BEB058123}.Debug|Any CPU.Build.0 = Debug|Any CPU
		{1A9FCDC8-8323-275D-B261-295BEB058123}.Release|Any CPU.ActiveCfg = Release|Any CPU
		{1A9FCDC8-8323-275D-B261-295BEB058123}.Release|Any CPU.Build.0 = Release|Any CPU
		{0ED3B12F-4D9E-946E-949E-ED3125BA2C57}.Debug|Any CPU.ActiveCfg = Debug|Any CPU
		{0ED3B12F-4D9E-946E-949E-ED3125BA2C57}.Debug|Any CPU.Build.0 = Debug|Any CPU
		{0ED3B12F-4D9E-946E-949E-ED3125BA2C57}.Release|Any CPU.ActiveCfg = Release|Any CPU
		{0ED3B12F-4D9E-946E-949E-ED3125BA2C57}.Release|Any CPU.Build.0 = Release|Any CPU
		{8EC6A976-1413-2415-00BF-CC4C09E9C868}.Debug|Any CPU.ActiveCfg = Debug|Any CPU
		{8EC6A976-1413-2415-00BF-CC4C09E9C868}.Debug|Any CPU.Build.0 = Debug|Any CPU
		{8EC6A976-1413-2415-00BF-CC4C09E9C868}.Release|Any CPU.ActiveCfg = Release|Any CPU
		{8EC6A976-1413-2415-00BF-CC4C09E9C868}.Release|Any CPU.Build.0 = Release|Any CPU
		{9E7516E6-B426-9B85-D282-76242889432E}.Debug|Any CPU.ActiveCfg = Debug|Any CPU
		{9E7516E6-B426-9B85-D282-76242889432E}.Debug|Any CPU.Build.0 = Debug|Any CPU
		{9E7516E6-B426-9B85-D282-76242889432E}.Release|Any CPU.ActiveCfg = Release|Any CPU
		{9E7516E6-B426-9B85-D282-76242889432E}.Release|Any CPU.Build.0 = Release|Any CPU
		{5D4B5E81-1E0A-9597-93CC-D670DEC9B00B}.Debug|Any CPU.ActiveCfg = Debug|Any CPU
		{5D4B5E81-1E0A-9597-93CC-D670DEC9B00B}.Debug|Any CPU.Build.0 = Debug|Any CPU
		{5D4B5E81-1E0A-9597-93CC-D670DEC9B00B}.Release|Any CPU.ActiveCfg = Release|Any CPU
		{5D4B5E81-1E0A-9597-93CC-D670DEC9B00B}.Release|Any CPU.Build.0 = Release|Any CPU
		{0C62A308-4F38-98F1-F812-C7FA7BFB32BA}.Debug|Any CPU.ActiveCfg = Debug|Any CPU
		{0C62A308-4F38-98F1-F812-C7FA7BFB32BA}.Debug|Any CPU.Build.0 = Debug|Any CPU
		{0C62A308-4F38-98F1-F812-C7FA7BFB32BA}.Release|Any CPU.ActiveCfg = Release|Any CPU
		{0C62A308-4F38-98F1-F812-C7FA7BFB32BA}.Release|Any CPU.Build.0 = Release|Any CPU
		{B747B4C4-1EB2-FDF3-CA51-9775217ACD51}.Debug|Any CPU.ActiveCfg = Debug|Any CPU
		{B747B4C4-1EB2-FDF3-CA51-9775217ACD51}.Debug|Any CPU.Build.0 = Debug|Any CPU
		{B747B4C4-1EB2-FDF3-CA51-9775217ACD51}.Release|Any CPU.ActiveCfg = Release|Any CPU
		{B747B4C4-1EB2-FDF3-CA51-9775217ACD51}.Release|Any CPU.Build.0 = Release|Any CPU
		{3927D383-5F82-DA37-2831-4F14BF393048}.Debug|Any CPU.ActiveCfg = Debug|Any CPU
		{3927D383-5F82-DA37-2831-4F14BF393048}.Debug|Any CPU.Build.0 = Debug|Any CPU
		{3927D383-5F82-DA37-2831-4F14BF393048}.Release|Any CPU.ActiveCfg = Release|Any CPU
		{3927D383-5F82-DA37-2831-4F14BF393048}.Release|Any CPU.Build.0 = Release|Any CPU
		{D6846816-F8A9-397F-D9E1-045FB7751B98}.Debug|Any CPU.ActiveCfg = Debug|Any CPU
		{D6846816-F8A9-397F-D9E1-045FB7751B98}.Debug|Any CPU.Build.0 = Debug|Any CPU
		{D6846816-F8A9-397F-D9E1-045FB7751B98}.Release|Any CPU.ActiveCfg = Release|Any CPU
		{D6846816-F8A9-397F-D9E1-045FB7751B98}.Release|Any CPU.Build.0 = Release|Any CPU
		{83EF0060-350D-2675-B63E-52D7CA66233F}.Debug|Any CPU.ActiveCfg = Debug|Any CPU
		{83EF0060-350D-2675-B63E-52D7CA66233F}.Debug|Any CPU.Build.0 = Debug|Any CPU
		{83EF0060-350D-2675-B63E-52D7CA66233F}.Release|Any CPU.ActiveCfg = Release|Any CPU
		{83EF0060-350D-2675-B63E-52D7CA66233F}.Release|Any CPU.Build.0 = Release|Any CPU
		{C1BF4A50-412A-E2BB-1A39-A9AA69735E5E}.Debug|Any CPU.ActiveCfg = Debug|Any CPU
		{C1BF4A50-412A-E2BB-1A39-A9AA69735E5E}.Debug|Any CPU.Build.0 = Debug|Any CPU
		{C1BF4A50-412A-E2BB-1A39-A9AA69735E5E}.Release|Any CPU.ActiveCfg = Release|Any CPU
		{C1BF4A50-412A-E2BB-1A39-A9AA69735E5E}.Release|Any CPU.Build.0 = Release|Any CPU
		{ABB0FA51-6863-BF55-E992-856E767E3D18}.Debug|Any CPU.ActiveCfg = Debug|Any CPU
		{ABB0FA51-6863-BF55-E992-856E767E3D18}.Debug|Any CPU.Build.0 = Debug|Any CPU
		{ABB0FA51-6863-BF55-E992-856E767E3D18}.Release|Any CPU.ActiveCfg = Release|Any CPU
		{ABB0FA51-6863-BF55-E992-856E767E3D18}.Release|Any CPU.Build.0 = Release|Any CPU
		{20B767FC-826D-3934-DD70-D1F564B78944}.Debug|Any CPU.ActiveCfg = Debug|Any CPU
		{20B767FC-826D-3934-DD70-D1F564B78944}.Debug|Any CPU.Build.0 = Debug|Any CPU
		{20B767FC-826D-3934-DD70-D1F564B78944}.Release|Any CPU.ActiveCfg = Release|Any CPU
		{20B767FC-826D-3934-DD70-D1F564B78944}.Release|Any CPU.Build.0 = Release|Any CPU
		{0A7A79E4-82BD-F8F6-1371-0CC923723A60}.Debug|Any CPU.ActiveCfg = Debug|Any CPU
		{0A7A79E4-82BD-F8F6-1371-0CC923723A60}.Debug|Any CPU.Build.0 = Debug|Any CPU
		{0A7A79E4-82BD-F8F6-1371-0CC923723A60}.Release|Any CPU.ActiveCfg = Release|Any CPU
		{0A7A79E4-82BD-F8F6-1371-0CC923723A60}.Release|Any CPU.Build.0 = Release|Any CPU
		{8C89511D-D3E2-658F-2E43-3BC49E2800A1}.Debug|Any CPU.ActiveCfg = Debug|Any CPU
		{8C89511D-D3E2-658F-2E43-3BC49E2800A1}.Debug|Any CPU.Build.0 = Debug|Any CPU
		{8C89511D-D3E2-658F-2E43-3BC49E2800A1}.Release|Any CPU.ActiveCfg = Release|Any CPU
		{8C89511D-D3E2-658F-2E43-3BC49E2800A1}.Release|Any CPU.Build.0 = Release|Any CPU
		{03AE8FAF-E9C1-7B9D-2A88-D073E9DA1DFD}.Debug|Any CPU.ActiveCfg = Debug|Any CPU
		{03AE8FAF-E9C1-7B9D-2A88-D073E9DA1DFD}.Debug|Any CPU.Build.0 = Debug|Any CPU
		{03AE8FAF-E9C1-7B9D-2A88-D073E9DA1DFD}.Release|Any CPU.ActiveCfg = Release|Any CPU
		{03AE8FAF-E9C1-7B9D-2A88-D073E9DA1DFD}.Release|Any CPU.Build.0 = Release|Any CPU
		{6EA7F3AC-67A6-476D-CE4E-E9E20DE1176A}.Debug|Any CPU.ActiveCfg = Debug|Any CPU
		{6EA7F3AC-67A6-476D-CE4E-E9E20DE1176A}.Debug|Any CPU.Build.0 = Debug|Any CPU
		{6EA7F3AC-67A6-476D-CE4E-E9E20DE1176A}.Release|Any CPU.ActiveCfg = Release|Any CPU
		{6EA7F3AC-67A6-476D-CE4E-E9E20DE1176A}.Release|Any CPU.Build.0 = Release|Any CPU
	EndGlobalSection
	GlobalSection(SolutionProperties) = preSolution
		HideSolutionNode = FALSE
	EndGlobalSection
EndGlobal
